// !$*UTF8*$!
{
	archiveVersion = 1;
	classes = {
	};
	objectVersion = 56;
	objects = {

/* Begin PBXBuildFile section */
		37C073172928060B00C539C3 /* AppDelegate.swift in Sources */ = {isa = PBXBuildFile; fileRef = 37C073162928060B00C539C3 /* AppDelegate.swift */; };
		37C073192928060B00C539C3 /* SceneDelegate.swift in Sources */ = {isa = PBXBuildFile; fileRef = 37C073182928060B00C539C3 /* SceneDelegate.swift */; };
		37C073202928060C00C539C3 /* Assets.xcassets in Resources */ = {isa = PBXBuildFile; fileRef = 37C0731F2928060C00C539C3 /* Assets.xcassets */; };
		37C073232928060C00C539C3 /* LaunchScreen.storyboard in Resources */ = {isa = PBXBuildFile; fileRef = 37C073212928060C00C539C3 /* LaunchScreen.storyboard */; };
		37C073302928072400C539C3 /* HomeViewController.swift in Sources */ = {isa = PBXBuildFile; fileRef = 37C0732F2928072400C539C3 /* HomeViewController.swift */; };
		37C073342928079600C539C3 /* Coordinator.swift in Sources */ = {isa = PBXBuildFile; fileRef = 37C073332928079600C539C3 /* Coordinator.swift */; };
		37C073362928079E00C539C3 /* ApplicationCoordinator.swift in Sources */ = {isa = PBXBuildFile; fileRef = 37C073352928079E00C539C3 /* ApplicationCoordinator.swift */; };
		37C0733A2928080700C539C3 /* HomeCoordinator.swift in Sources */ = {isa = PBXBuildFile; fileRef = 37C073392928080700C539C3 /* HomeCoordinator.swift */; };
		37C0733D29280A6D00C539C3 /* Viewcode.swift in Sources */ = {isa = PBXBuildFile; fileRef = 37C0733C29280A6D00C539C3 /* Viewcode.swift */; };
		37C0734029280C5B00C539C3 /* HTTPMethod.swift in Sources */ = {isa = PBXBuildFile; fileRef = 37C0733F29280C5B00C539C3 /* HTTPMethod.swift */; };
		37C0734229280CE100C539C3 /* HTTPClientError.swift in Sources */ = {isa = PBXBuildFile; fileRef = 37C0734129280CE100C539C3 /* HTTPClientError.swift */; };
		37C0734429280D8700C539C3 /* Route.swift in Sources */ = {isa = PBXBuildFile; fileRef = 37C0734329280D8700C539C3 /* Route.swift */; };
		37C0734629280E6000C539C3 /* HTTPClient.swift in Sources */ = {isa = PBXBuildFile; fileRef = 37C0734529280E6000C539C3 /* HTTPClient.swift */; };
		37C0734829280F0A00C539C3 /* Client.swift in Sources */ = {isa = PBXBuildFile; fileRef = 37C0734729280F0A00C539C3 /* Client.swift */; };
		37C0734B29280F6600C539C3 /* Car.swift in Sources */ = {isa = PBXBuildFile; fileRef = 37C0734A29280F6600C539C3 /* Car.swift */; };
/* End PBXBuildFile section */

/* Begin PBXFileReference section */
		37C073132928060B00C539C3 /* App.app */ = {isa = PBXFileReference; explicitFileType = wrapper.application; includeInIndex = 0; path = App.app; sourceTree = BUILT_PRODUCTS_DIR; };
		37C073162928060B00C539C3 /* AppDelegate.swift */ = {isa = PBXFileReference; lastKnownFileType = sourcecode.swift; path = AppDelegate.swift; sourceTree = "<group>"; };
		37C073182928060B00C539C3 /* SceneDelegate.swift */ = {isa = PBXFileReference; lastKnownFileType = sourcecode.swift; path = SceneDelegate.swift; sourceTree = "<group>"; };
		37C0731F2928060C00C539C3 /* Assets.xcassets */ = {isa = PBXFileReference; lastKnownFileType = folder.assetcatalog; path = Assets.xcassets; sourceTree = "<group>"; };
		37C073222928060C00C539C3 /* Base */ = {isa = PBXFileReference; lastKnownFileType = file.storyboard; name = Base; path = Base.lproj/LaunchScreen.storyboard; sourceTree = "<group>"; };
		37C073242928060C00C539C3 /* Info.plist */ = {isa = PBXFileReference; lastKnownFileType = text.plist.xml; path = Info.plist; sourceTree = "<group>"; };
		37C0732F2928072400C539C3 /* HomeViewController.swift */ = {isa = PBXFileReference; lastKnownFileType = sourcecode.swift; path = HomeViewController.swift; sourceTree = "<group>"; };
		37C073332928079600C539C3 /* Coordinator.swift */ = {isa = PBXFileReference; lastKnownFileType = sourcecode.swift; path = Coordinator.swift; sourceTree = "<group>"; };
		37C073352928079E00C539C3 /* ApplicationCoordinator.swift */ = {isa = PBXFileReference; lastKnownFileType = sourcecode.swift; path = ApplicationCoordinator.swift; sourceTree = "<group>"; };
		37C073392928080700C539C3 /* HomeCoordinator.swift */ = {isa = PBXFileReference; lastKnownFileType = sourcecode.swift; path = HomeCoordinator.swift; sourceTree = "<group>"; };
		37C0733C29280A6D00C539C3 /* Viewcode.swift */ = {isa = PBXFileReference; lastKnownFileType = sourcecode.swift; path = Viewcode.swift; sourceTree = "<group>"; };
		37C0733F29280C5B00C539C3 /* HTTPMethod.swift */ = {isa = PBXFileReference; lastKnownFileType = sourcecode.swift; path = HTTPMethod.swift; sourceTree = "<group>"; };
		37C0734129280CE100C539C3 /* HTTPClientError.swift */ = {isa = PBXFileReference; lastKnownFileType = sourcecode.swift; path = HTTPClientError.swift; sourceTree = "<group>"; };
		37C0734329280D8700C539C3 /* Route.swift */ = {isa = PBXFileReference; lastKnownFileType = sourcecode.swift; path = Route.swift; sourceTree = "<group>"; };
		37C0734529280E6000C539C3 /* HTTPClient.swift */ = {isa = PBXFileReference; lastKnownFileType = sourcecode.swift; path = HTTPClient.swift; sourceTree = "<group>"; };
		37C0734729280F0A00C539C3 /* Client.swift */ = {isa = PBXFileReference; lastKnownFileType = sourcecode.swift; path = Client.swift; sourceTree = "<group>"; };
		37C0734A29280F6600C539C3 /* Car.swift */ = {isa = PBXFileReference; lastKnownFileType = sourcecode.swift; path = Car.swift; sourceTree = "<group>"; };
/* End PBXFileReference section */

/* Begin PBXFrameworksBuildPhase section */
		37C073102928060B00C539C3 /* Frameworks */ = {
			isa = PBXFrameworksBuildPhase;
			buildActionMask = 2147483647;
			files = (
			);
			runOnlyForDeploymentPostprocessing = 0;
		};
/* End PBXFrameworksBuildPhase section */

/* Begin PBXGroup section */
		37C0730A2928060B00C539C3 = {
			isa = PBXGroup;
			children = (
				37C073152928060B00C539C3 /* App */,
				37C073142928060B00C539C3 /* Products */,
			);
			sourceTree = "<group>";
		};
		37C073142928060B00C539C3 /* Products */ = {
			isa = PBXGroup;
			children = (
				37C073132928060B00C539C3 /* App.app */,
			);
			name = Products;
			sourceTree = "<group>";
		};
		37C073152928060B00C539C3 /* App */ = {
			isa = PBXGroup;
			children = (
				37C0732D292806F700C539C3 /* App */,
				37C0732A292806DD00C539C3 /* Common */,
				37C0732C292806E900C539C3 /* Resources */,
				37C0732B292806E300C539C3 /* Screens */,
			);
			path = App;
			sourceTree = "<group>";
		};
		37C0732A292806DD00C539C3 /* Common */ = {
			isa = PBXGroup;
			children = (
				37C0733E29280C3E00C539C3 /* Networking */,
				37C073312928078300C539C3 /* Protocols */,
			);
			path = Common;
			sourceTree = "<group>";
		};
		37C0732B292806E300C539C3 /* Screens */ = {
			isa = PBXGroup;
			children = (
				37C0732E2928071300C539C3 /* Home */,
			);
			path = Screens;
			sourceTree = "<group>";
		};
		37C0732C292806E900C539C3 /* Resources */ = {
			isa = PBXGroup;
			children = (
				37C0731F2928060C00C539C3 /* Assets.xcassets */,
				37C073242928060C00C539C3 /* Info.plist */,
				37C073212928060C00C539C3 /* LaunchScreen.storyboard */,
			);
			path = Resources;
			sourceTree = "<group>";
		};
		37C0732D292806F700C539C3 /* App */ = {
			isa = PBXGroup;
			children = (
				37C073162928060B00C539C3 /* AppDelegate.swift */,
				37C073182928060B00C539C3 /* SceneDelegate.swift */,
			);
			path = App;
			sourceTree = "<group>";
		};
		37C0732E2928071300C539C3 /* Home */ = {
			isa = PBXGroup;
			children = (
				37C07338292807FC00C539C3 /* Coordinator */,
				37C0734929280F5900C539C3 /* Model */,
				37C07337292807F200C539C3 /* View */,
			);
			path = Home;
			sourceTree = "<group>";
		};
		37C073312928078300C539C3 /* Protocols */ = {
			isa = PBXGroup;
			children = (
				37C0733B29280A6400C539C3 /* Viewcode */,
				37C073322928078A00C539C3 /* Coordinator */,
			);
			path = Protocols;
			sourceTree = "<group>";
		};
		37C073322928078A00C539C3 /* Coordinator */ = {
			isa = PBXGroup;
			children = (
				37C073332928079600C539C3 /* Coordinator.swift */,
				37C073352928079E00C539C3 /* ApplicationCoordinator.swift */,
			);
			path = Coordinator;
			sourceTree = "<group>";
		};
		37C07337292807F200C539C3 /* View */ = {
			isa = PBXGroup;
			children = (
				37C0732F2928072400C539C3 /* HomeViewController.swift */,
			);
			path = View;
			sourceTree = "<group>";
		};
		37C07338292807FC00C539C3 /* Coordinator */ = {
			isa = PBXGroup;
			children = (
				37C073392928080700C539C3 /* HomeCoordinator.swift */,
			);
			path = Coordinator;
			sourceTree = "<group>";
		};
		37C0733B29280A6400C539C3 /* Viewcode */ = {
			isa = PBXGroup;
			children = (
				37C0733C29280A6D00C539C3 /* Viewcode.swift */,
			);
			path = Viewcode;
			sourceTree = "<group>";
		};
		37C0733E29280C3E00C539C3 /* Networking */ = {
			isa = PBXGroup;
			children = (
				37C0734729280F0A00C539C3 /* Client.swift */,
				37C0734529280E6000C539C3 /* HTTPClient.swift */,
				37C0734129280CE100C539C3 /* HTTPClientError.swift */,
				37C0733F29280C5B00C539C3 /* HTTPMethod.swift */,
				37C0734329280D8700C539C3 /* Route.swift */,
			);
			path = Networking;
			sourceTree = "<group>";
		};
		37C0734929280F5900C539C3 /* Model */ = {
			isa = PBXGroup;
			children = (
				37C0734A29280F6600C539C3 /* Car.swift */,
			);
			path = Model;
			sourceTree = "<group>";
		};
/* End PBXGroup section */

/* Begin PBXNativeTarget section */
		37C073122928060B00C539C3 /* App */ = {
			isa = PBXNativeTarget;
			buildConfigurationList = 37C073272928060C00C539C3 /* Build configuration list for PBXNativeTarget "App" */;
			buildPhases = (
				37C0730F2928060B00C539C3 /* Sources */,
				37C073102928060B00C539C3 /* Frameworks */,
				37C073112928060B00C539C3 /* Resources */,
			);
			buildRules = (
			);
			dependencies = (
			);
			name = App;
			productName = App;
			productReference = 37C073132928060B00C539C3 /* App.app */;
			productType = "com.apple.product-type.application";
		};
/* End PBXNativeTarget section */

/* Begin PBXProject section */
		37C0730B2928060B00C539C3 /* Project object */ = {
			isa = PBXProject;
			attributes = {
				BuildIndependentTargetsInParallel = 1;
				LastSwiftUpdateCheck = 1410;
				LastUpgradeCheck = 1410;
				TargetAttributes = {
					37C073122928060B00C539C3 = {
						CreatedOnToolsVersion = 14.1;
					};
				};
			};
			buildConfigurationList = 37C0730E2928060B00C539C3 /* Build configuration list for PBXProject "App" */;
			compatibilityVersion = "Xcode 14.0";
			developmentRegion = en;
			hasScannedForEncodings = 0;
			knownRegions = (
				en,
				Base,
			);
			mainGroup = 37C0730A2928060B00C539C3;
			productRefGroup = 37C073142928060B00C539C3 /* Products */;
			projectDirPath = "";
			projectRoot = "";
			targets = (
				37C073122928060B00C539C3 /* App */,
			);
		};
/* End PBXProject section */

/* Begin PBXResourcesBuildPhase section */
		37C073112928060B00C539C3 /* Resources */ = {
			isa = PBXResourcesBuildPhase;
			buildActionMask = 2147483647;
			files = (
				37C073232928060C00C539C3 /* LaunchScreen.storyboard in Resources */,
				37C073202928060C00C539C3 /* Assets.xcassets in Resources */,
			);
			runOnlyForDeploymentPostprocessing = 0;
		};
/* End PBXResourcesBuildPhase section */

/* Begin PBXSourcesBuildPhase section */
		37C0730F2928060B00C539C3 /* Sources */ = {
			isa = PBXSourcesBuildPhase;
			buildActionMask = 2147483647;
			files = (
				37C0734229280CE100C539C3 /* HTTPClientError.swift in Sources */,
				37C073362928079E00C539C3 /* ApplicationCoordinator.swift in Sources */,
				37C0734829280F0A00C539C3 /* Client.swift in Sources */,
				37C073342928079600C539C3 /* Coordinator.swift in Sources */,
				37C0734B29280F6600C539C3 /* Car.swift in Sources */,
				37C0734429280D8700C539C3 /* Route.swift in Sources */,
				37C073172928060B00C539C3 /* AppDelegate.swift in Sources */,
				37C073192928060B00C539C3 /* SceneDelegate.swift in Sources */,
				37C0734629280E6000C539C3 /* HTTPClient.swift in Sources */,
				37C0734029280C5B00C539C3 /* HTTPMethod.swift in Sources */,
				37C0733D29280A6D00C539C3 /* Viewcode.swift in Sources */,
				37C073302928072400C539C3 /* HomeViewController.swift in Sources */,
				37C0733A2928080700C539C3 /* HomeCoordinator.swift in Sources */,
			);
			runOnlyForDeploymentPostprocessing = 0;
		};
/* End PBXSourcesBuildPhase section */

/* Begin PBXVariantGroup section */
		37C073212928060C00C539C3 /* LaunchScreen.storyboard */ = {
			isa = PBXVariantGroup;
			children = (
				37C073222928060C00C539C3 /* Base */,
			);
			name = LaunchScreen.storyboard;
			sourceTree = "<group>";
		};
/* End PBXVariantGroup section */

/* Begin XCBuildConfiguration section */
		37C073252928060C00C539C3 /* Debug */ = {
			isa = XCBuildConfiguration;
			buildSettings = {
				ALWAYS_SEARCH_USER_PATHS = NO;
				CLANG_ANALYZER_NONNULL = YES;
				CLANG_ANALYZER_NUMBER_OBJECT_CONVERSION = YES_AGGRESSIVE;
				CLANG_CXX_LANGUAGE_STANDARD = "gnu++20";
				CLANG_ENABLE_MODULES = YES;
				CLANG_ENABLE_OBJC_ARC = YES;
				CLANG_ENABLE_OBJC_WEAK = YES;
				CLANG_WARN_BLOCK_CAPTURE_AUTORELEASING = YES;
				CLANG_WARN_BOOL_CONVERSION = YES;
				CLANG_WARN_COMMA = YES;
				CLANG_WARN_CONSTANT_CONVERSION = YES;
				CLANG_WARN_DEPRECATED_OBJC_IMPLEMENTATIONS = YES;
				CLANG_WARN_DIRECT_OBJC_ISA_USAGE = YES_ERROR;
				CLANG_WARN_DOCUMENTATION_COMMENTS = YES;
				CLANG_WARN_EMPTY_BODY = YES;
				CLANG_WARN_ENUM_CONVERSION = YES;
				CLANG_WARN_INFINITE_RECURSION = YES;
				CLANG_WARN_INT_CONVERSION = YES;
				CLANG_WARN_NON_LITERAL_NULL_CONVERSION = YES;
				CLANG_WARN_OBJC_IMPLICIT_RETAIN_SELF = YES;
				CLANG_WARN_OBJC_LITERAL_CONVERSION = YES;
				CLANG_WARN_OBJC_ROOT_CLASS = YES_ERROR;
				CLANG_WARN_QUOTED_INCLUDE_IN_FRAMEWORK_HEADER = YES;
				CLANG_WARN_RANGE_LOOP_ANALYSIS = YES;
				CLANG_WARN_STRICT_PROTOTYPES = YES;
				CLANG_WARN_SUSPICIOUS_MOVE = YES;
				CLANG_WARN_UNGUARDED_AVAILABILITY = YES_AGGRESSIVE;
				CLANG_WARN_UNREACHABLE_CODE = YES;
				CLANG_WARN__DUPLICATE_METHOD_MATCH = YES;
				COPY_PHASE_STRIP = NO;
				DEBUG_INFORMATION_FORMAT = dwarf;
				ENABLE_STRICT_OBJC_MSGSEND = YES;
				ENABLE_TESTABILITY = YES;
				GCC_C_LANGUAGE_STANDARD = gnu11;
				GCC_DYNAMIC_NO_PIC = NO;
				GCC_NO_COMMON_BLOCKS = YES;
				GCC_OPTIMIZATION_LEVEL = 0;
				GCC_PREPROCESSOR_DEFINITIONS = (
					"DEBUG=1",
					"$(inherited)",
				);
				GCC_WARN_64_TO_32_BIT_CONVERSION = YES;
				GCC_WARN_ABOUT_RETURN_TYPE = YES_ERROR;
				GCC_WARN_UNDECLARED_SELECTOR = YES;
				GCC_WARN_UNINITIALIZED_AUTOS = YES_AGGRESSIVE;
				GCC_WARN_UNUSED_FUNCTION = YES;
				GCC_WARN_UNUSED_VARIABLE = YES;
				IPHONEOS_DEPLOYMENT_TARGET = 16.1;
				MTL_ENABLE_DEBUG_INFO = INCLUDE_SOURCE;
				MTL_FAST_MATH = YES;
				ONLY_ACTIVE_ARCH = YES;
				SDKROOT = iphoneos;
				SWIFT_ACTIVE_COMPILATION_CONDITIONS = DEBUG;
				SWIFT_OPTIMIZATION_LEVEL = "-Onone";
			};
			name = Debug;
		};
		37C073262928060C00C539C3 /* Release */ = {
			isa = XCBuildConfiguration;
			buildSettings = {
				ALWAYS_SEARCH_USER_PATHS = NO;
				CLANG_ANALYZER_NONNULL = YES;
				CLANG_ANALYZER_NUMBER_OBJECT_CONVERSION = YES_AGGRESSIVE;
				CLANG_CXX_LANGUAGE_STANDARD = "gnu++20";
				CLANG_ENABLE_MODULES = YES;
				CLANG_ENABLE_OBJC_ARC = YES;
				CLANG_ENABLE_OBJC_WEAK = YES;
				CLANG_WARN_BLOCK_CAPTURE_AUTORELEASING = YES;
				CLANG_WARN_BOOL_CONVERSION = YES;
				CLANG_WARN_COMMA = YES;
				CLANG_WARN_CONSTANT_CONVERSION = YES;
				CLANG_WARN_DEPRECATED_OBJC_IMPLEMENTATIONS = YES;
				CLANG_WARN_DIRECT_OBJC_ISA_USAGE = YES_ERROR;
				CLANG_WARN_DOCUMENTATION_COMMENTS = YES;
				CLANG_WARN_EMPTY_BODY = YES;
				CLANG_WARN_ENUM_CONVERSION = YES;
				CLANG_WARN_INFINITE_RECURSION = YES;
				CLANG_WARN_INT_CONVERSION = YES;
				CLANG_WARN_NON_LITERAL_NULL_CONVERSION = YES;
				CLANG_WARN_OBJC_IMPLICIT_RETAIN_SELF = YES;
				CLANG_WARN_OBJC_LITERAL_CONVERSION = YES;
				CLANG_WARN_OBJC_ROOT_CLASS = YES_ERROR;
				CLANG_WARN_QUOTED_INCLUDE_IN_FRAMEWORK_HEADER = YES;
				CLANG_WARN_RANGE_LOOP_ANALYSIS = YES;
				CLANG_WARN_STRICT_PROTOTYPES = YES;
				CLANG_WARN_SUSPICIOUS_MOVE = YES;
				CLANG_WARN_UNGUARDED_AVAILABILITY = YES_AGGRESSIVE;
				CLANG_WARN_UNREACHABLE_CODE = YES;
				CLANG_WARN__DUPLICATE_METHOD_MATCH = YES;
				COPY_PHASE_STRIP = NO;
				DEBUG_INFORMATION_FORMAT = "dwarf-with-dsym";
				ENABLE_NS_ASSERTIONS = NO;
				ENABLE_STRICT_OBJC_MSGSEND = YES;
				GCC_C_LANGUAGE_STANDARD = gnu11;
				GCC_NO_COMMON_BLOCKS = YES;
				GCC_WARN_64_TO_32_BIT_CONVERSION = YES;
				GCC_WARN_ABOUT_RETURN_TYPE = YES_ERROR;
				GCC_WARN_UNDECLARED_SELECTOR = YES;
				GCC_WARN_UNINITIALIZED_AUTOS = YES_AGGRESSIVE;
				GCC_WARN_UNUSED_FUNCTION = YES;
				GCC_WARN_UNUSED_VARIABLE = YES;
				IPHONEOS_DEPLOYMENT_TARGET = 16.1;
				MTL_ENABLE_DEBUG_INFO = NO;
				MTL_FAST_MATH = YES;
				SDKROOT = iphoneos;
				SWIFT_COMPILATION_MODE = wholemodule;
				SWIFT_OPTIMIZATION_LEVEL = "-O";
				VALIDATE_PRODUCT = YES;
			};
			name = Release;
		};
		37C073282928060C00C539C3 /* Debug */ = {
			isa = XCBuildConfiguration;
			buildSettings = {
				ASSETCATALOG_COMPILER_APPICON_NAME = AppIcon;
				ASSETCATALOG_COMPILER_GLOBAL_ACCENT_COLOR_NAME = AccentColor;
				CODE_SIGN_STYLE = Automatic;
				CURRENT_PROJECT_VERSION = 1;
				DEVELOPMENT_TEAM = F6V9D37NT5;
				GENERATE_INFOPLIST_FILE = YES;
				INFOPLIST_FILE = App/Resources/Info.plist;
				INFOPLIST_KEY_UIApplicationSupportsIndirectInputEvents = YES;
				INFOPLIST_KEY_UILaunchStoryboardName = LaunchScreen;
				INFOPLIST_KEY_UISupportedInterfaceOrientations_iPad = "UIInterfaceOrientationPortrait UIInterfaceOrientationPortraitUpsideDown UIInterfaceOrientationLandscapeLeft UIInterfaceOrientationLandscapeRight";
				INFOPLIST_KEY_UISupportedInterfaceOrientations_iPhone = "UIInterfaceOrientationPortrait UIInterfaceOrientationLandscapeLeft UIInterfaceOrientationLandscapeRight";
				LD_RUNPATH_SEARCH_PATHS = (
					"$(inherited)",
					"@executable_path/Frameworks",
				);
				MARKETING_VERSION = 1.0;
				PRODUCT_BUNDLE_IDENTIFIER = luiz.hartmann.App;
				PRODUCT_NAME = "$(TARGET_NAME)";
				SWIFT_EMIT_LOC_STRINGS = YES;
				SWIFT_VERSION = 5.0;
				TARGETED_DEVICE_FAMILY = "1,2";
			};
			name = Debug;
		};
		37C073292928060C00C539C3 /* Release */ = {
			isa = XCBuildConfiguration;
			buildSettings = {
				ASSETCATALOG_COMPILER_APPICON_NAME = AppIcon;
				ASSETCATALOG_COMPILER_GLOBAL_ACCENT_COLOR_NAME = AccentColor;
				CODE_SIGN_STYLE = Automatic;
				CURRENT_PROJECT_VERSION = 1;
				DEVELOPMENT_TEAM = F6V9D37NT5;
				GENERATE_INFOPLIST_FILE = YES;
				INFOPLIST_FILE = App/Resources/Info.plist;
				INFOPLIST_KEY_UIApplicationSupportsIndirectInputEvents = YES;
				INFOPLIST_KEY_UILaunchStoryboardName = LaunchScreen;
				INFOPLIST_KEY_UISupportedInterfaceOrientations_iPad = "UIInterfaceOrientationPortrait UIInterfaceOrientationPortraitUpsideDown UIInterfaceOrientationLandscapeLeft UIInterfaceOrientationLandscapeRight";
				INFOPLIST_KEY_UISupportedInterfaceOrientations_iPhone = "UIInterfaceOrientationPortrait UIInterfaceOrientationLandscapeLeft UIInterfaceOrientationLandscapeRight";
				LD_RUNPATH_SEARCH_PATHS = (
					"$(inherited)",
					"@executable_path/Frameworks",
				);
				MARKETING_VERSION = 1.0;
				PRODUCT_BUNDLE_IDENTIFIER = luiz.hartmann.App;
				PRODUCT_NAME = "$(TARGET_NAME)";
				SWIFT_EMIT_LOC_STRINGS = YES;
				SWIFT_VERSION = 5.0;
				TARGETED_DEVICE_FAMILY = "1,2";
			};
			name = Release;
		};
/* End XCBuildConfiguration section */

/* Begin XCConfigurationList section */
		37C0730E2928060B00C539C3 /* Build configuration list for PBXProject "App" */ = {
			isa = XCConfigurationList;
			buildConfigurations = (
				37C073252928060C00C539C3 /* Debug */,
				37C073262928060C00C539C3 /* Release */,
			);
			defaultConfigurationIsVisible = 0;
			defaultConfigurationName = Release;
		};
		37C073272928060C00C539C3 /* Build configuration list for PBXNativeTarget "App" */ = {
			isa = XCConfigurationList;
			buildConfigurations = (
				37C073282928060C00C539C3 /* Debug */,
				37C073292928060C00C539C3 /* Release */,
			);
			defaultConfigurationIsVisible = 0;
			defaultConfigurationName = Release;
		};
/* End XCConfigurationList section */
	};
	rootObject = 37C0730B2928060B00C539C3 /* Project object */;
}
